
Microsoft Visual Studio Solution File, Format Version 12.00
# Visual Studio Version 17
VisualStudioVersion = 17.0.32014.148
MinimumVisualStudioVersion = 10.0.40219.1
Project("{9A19103F-16F7-4668-BE54-9A1E7A4F7556}") = "ClientDataApi", "ClientDataApi\ClientDataApi.csproj", "{0ED65AD7-69AF-4BAE-ADB6-CE26DA41BA83}"
EndProject
Project("{9A19103F-16F7-4668-BE54-9A1E7A4F7556}") = "DAL", "DAL\DAL.csproj", "{2641FCF6-8A7D-4AB6-B88A-6B2D513BFFC6}"
EndProject
Project("{2150E333-8FDC-42A3-9474-1A3956D46DE8}") = "Solution Items", "Solution Items", "{1E41F955-D5BF-40AA-B600-EFDDAEF8846C}"
	ProjectSection(SolutionItems) = preProject
		.editorconfig = .editorconfig
	EndProjectSection
EndProject
Project("{FAE04EC0-301F-11D3-BF4B-00C04F79EFBC}") = "Entity", "Entity\Entity.csproj", "{1861B2A2-2EED-4F46-B947-03F8BB323D4E}"
EndProject
Global
	GlobalSection(SolutionConfigurationPlatforms) = preSolution
		Debug|Any CPU = Debug|Any CPU
		Release|Any CPU = Release|Any CPU
	EndGlobalSection
	GlobalSection(ProjectConfigurationPlatforms) = postSolution
		{0ED65AD7-69AF-4BAE-ADB6-CE26DA41BA83}.Debug|Any CPU.ActiveCfg = Debug|Any CPU
		{0ED65AD7-69AF-4BAE-ADB6-CE26DA41BA83}.Debug|Any CPU.Build.0 = Debug|Any CPU
		{0ED65AD7-69AF-4BAE-ADB6-CE26DA41BA83}.Release|Any CPU.ActiveCfg = Release|Any CPU
		{0ED65AD7-69AF-4BAE-ADB6-CE26DA41BA83}.Release|Any CPU.Build.0 = Release|Any CPU
		{2641FCF6-8A7D-4AB6-B88A-6B2D513BFFC6}.Debug|Any CPU.ActiveCfg = Debug|Any CPU
		{2641FCF6-8A7D-4AB6-B88A-6B2D513BFFC6}.Debug|Any CPU.Build.0 = Debug|Any CPU
		{2641FCF6-8A7D-4AB6-B88A-6B2D513BFFC6}.Release|Any CPU.ActiveCfg = Release|Any CPU
		{2641FCF6-8A7D-4AB6-B88A-6B2D513BFFC6}.Release|Any CPU.Build.0 = Release|Any CPU
		{1861B2A2-2EED-4F46-B947-03F8BB323D4E}.Debug|Any CPU.ActiveCfg = Debug|Any CPU
		{1861B2A2-2EED-4F46-B947-03F8BB323D4E}.Debug|Any CPU.Build.0 = Debug|Any CPU
		{1861B2A2-2EED-4F46-B947-03F8BB323D4E}.Release|Any CPU.ActiveCfg = Release|Any CPU
		{1861B2A2-2EED-4F46-B947-03F8BB323D4E}.Release|Any CPU.Build.0 = Release|Any CPU
	EndGlobalSection
	GlobalSection(SolutionProperties) = preSolution
		HideSolutionNode = FALSE
	EndGlobalSection
	GlobalSection(ExtensibilityGlobals) = postSolution
		SolutionGuid = {9D2D364A-772A-46AB-89A3-2E0DD2843F06}
	EndGlobalSection
EndGlobal
